// !$*UTF8*$!
{
	archiveVersion = 1;
	classes = {
	};
	objectVersion = 55;
	objects = {

/* Begin PBXBuildFile section */
		2C5883F72742FB18009BAACA /* ViewController.swift in Sources */ = {isa = PBXBuildFile; fileRef = 2C5883F62742FB18009BAACA /* ViewController.swift */; };
		2C7B938527395F020027C7C9 /* AppDelegate.swift in Sources */ = {isa = PBXBuildFile; fileRef = 2C7B938427395F020027C7C9 /* AppDelegate.swift */; };
		2C7B938727395F020027C7C9 /* SceneDelegate.swift in Sources */ = {isa = PBXBuildFile; fileRef = 2C7B938627395F020027C7C9 /* SceneDelegate.swift */; };
		2C7B938C27395F020027C7C9 /* Main.storyboard in Resources */ = {isa = PBXBuildFile; fileRef = 2C7B938A27395F020027C7C9 /* Main.storyboard */; };
		2C7B938E27395F030027C7C9 /* Assets.xcassets in Resources */ = {isa = PBXBuildFile; fileRef = 2C7B938D27395F030027C7C9 /* Assets.xcassets */; };
		2C7B939127395F030027C7C9 /* LaunchScreen.storyboard in Resources */ = {isa = PBXBuildFile; fileRef = 2C7B938F27395F030027C7C9 /* LaunchScreen.storyboard */; };
/* End PBXBuildFile section */

/* Begin PBXFileReference section */
		2C131BEC2747E32200F71FCD /* Day_32.playground */ = {isa = PBXFileReference; lastKnownFileType = file.playground; path = Day_32.playground; sourceTree = "<group>"; xcLanguageSpecificationIdentifier = xcode.lang.swift; };
		2C131BED2747E48A00F71FCD /* Day_33.playground */ = {isa = PBXFileReference; lastKnownFileType = file.playground; path = Day_33.playground; sourceTree = "<group>"; xcLanguageSpecificationIdentifier = xcode.lang.swift; };
		2C131BEE2747E52200F71FCD /* Day_34.playground */ = {isa = PBXFileReference; lastKnownFileType = file.playground; path = Day_34.playground; sourceTree = "<group>"; xcLanguageSpecificationIdentifier = xcode.lang.swift; };
		2C131BEF2747E5C200F71FCD /* Day_35.playground */ = {isa = PBXFileReference; lastKnownFileType = file.playground; path = Day_35.playground; sourceTree = "<group>"; xcLanguageSpecificationIdentifier = xcode.lang.swift; };
		2C131BF02747E7A100F71FCD /* Day_36.playground */ = {isa = PBXFileReference; lastKnownFileType = file.playground; path = Day_36.playground; sourceTree = "<group>"; xcLanguageSpecificationIdentifier = xcode.lang.swift; };
		2C15A9C72750767E00D2C66C /* Day_58.playground */ = {isa = PBXFileReference; lastKnownFileType = file.playground; path = Day_58.playground; sourceTree = "<group>"; xcLanguageSpecificationIdentifier = xcode.lang.swift; };
		2C15A9C82750786C00D2C66C /* Day_59.playground */ = {isa = PBXFileReference; lastKnownFileType = file.playground; path = Day_59.playground; sourceTree = "<group>"; xcLanguageSpecificationIdentifier = xcode.lang.swift; };
		2C15A9C927507A8B00D2C66C /* Day_60.playground */ = {isa = PBXFileReference; lastKnownFileType = file.playground; path = Day_60.playground; sourceTree = "<group>"; xcLanguageSpecificationIdentifier = xcode.lang.swift; };
		2C15A9CA27507C0000D2C66C /* Day_61.playground */ = {isa = PBXFileReference; lastKnownFileType = file.playground; path = Day_61.playground; sourceTree = "<group>"; xcLanguageSpecificationIdentifier = xcode.lang.swift; };
		2C15A9CB27507CA900D2C66C /* Day_62.playground */ = {isa = PBXFileReference; lastKnownFileType = file.playground; path = Day_62.playground; sourceTree = "<group>"; xcLanguageSpecificationIdentifier = xcode.lang.swift; };
		2C18C4A5274EBEB300750B1D /* Day_53.playground */ = {isa = PBXFileReference; lastKnownFileType = file.playground; path = Day_53.playground; sourceTree = "<group>"; xcLanguageSpecificationIdentifier = xcode.lang.swift; };
		2C18C4A6274EBF0000750B1D /* Day_54.playground */ = {isa = PBXFileReference; lastKnownFileType = file.playground; path = Day_54.playground; sourceTree = "<group>"; xcLanguageSpecificationIdentifier = xcode.lang.swift; };
		2C18C4A7274EC03A00750B1D /* Day_55.playground */ = {isa = PBXFileReference; lastKnownFileType = file.playground; path = Day_55.playground; sourceTree = "<group>"; xcLanguageSpecificationIdentifier = xcode.lang.swift; };
		2C18C4A8274EC16F00750B1D /* Day_56.playground */ = {isa = PBXFileReference; lastKnownFileType = file.playground; path = Day_56.playground; sourceTree = "<group>"; xcLanguageSpecificationIdentifier = xcode.lang.swift; };
		2C18C4A9274EC2A600750B1D /* Day_57.playground */ = {isa = PBXFileReference; lastKnownFileType = file.playground; path = Day_57.playground; sourceTree = "<group>"; xcLanguageSpecificationIdentifier = xcode.lang.swift; };
		2C23C4462751E8430082136B /* Day_64.playground */ = {isa = PBXFileReference; lastKnownFileType = file.playground; path = Day_64.playground; sourceTree = "<group>"; xcLanguageSpecificationIdentifier = xcode.lang.swift; };
		2C23C4472751E9EF0082136B /* Day_63.playground */ = {isa = PBXFileReference; lastKnownFileType = file.playground; path = Day_63.playground; sourceTree = "<group>"; xcLanguageSpecificationIdentifier = xcode.lang.swift; };
		2C23C448275263250082136B /* Day_65.playground */ = {isa = PBXFileReference; lastKnownFileType = file.playground; path = Day_65.playground; sourceTree = "<group>"; xcLanguageSpecificationIdentifier = xcode.lang.swift; };
		2C23C449275265370082136B /* Day_66.playground */ = {isa = PBXFileReference; lastKnownFileType = file.playground; path = Day_66.playground; sourceTree = "<group>"; xcLanguageSpecificationIdentifier = xcode.lang.swift; };
		2C23C44A2752681D0082136B /* Day_67.playground */ = {isa = PBXFileReference; lastKnownFileType = file.playground; path = Day_67.playground; sourceTree = "<group>"; xcLanguageSpecificationIdentifier = xcode.lang.swift; };
		2C23C44B275289550082136B /* Day_68.playground */ = {isa = PBXFileReference; lastKnownFileType = file.playground; path = Day_68.playground; sourceTree = "<group>"; xcLanguageSpecificationIdentifier = xcode.lang.swift; };
		2C23C44C275289F70082136B /* Day_69.playground */ = {isa = PBXFileReference; lastKnownFileType = file.playground; path = Day_69.playground; sourceTree = "<group>"; xcLanguageSpecificationIdentifier = xcode.lang.swift; };
		2C23C44D27528A450082136B /* Day_70.playground */ = {isa = PBXFileReference; lastKnownFileType = file.playground; path = Day_70.playground; sourceTree = "<group>"; xcLanguageSpecificationIdentifier = xcode.lang.swift; };
		2C2CA3E3274957B4002D0700 /* Day_37.playground */ = {isa = PBXFileReference; lastKnownFileType = file.playground; path = Day_37.playground; sourceTree = "<group>"; xcLanguageSpecificationIdentifier = xcode.lang.swift; };
		2C2CA3E42749585C002D0700 /* Day_38.playground */ = {isa = PBXFileReference; lastKnownFileType = file.playground; path = Day_38.playground; sourceTree = "<group>"; xcLanguageSpecificationIdentifier = xcode.lang.swift; };
		2C2CA3E527495A43002D0700 /* Day_39.playground */ = {isa = PBXFileReference; lastKnownFileType = file.playground; path = Day_39.playground; sourceTree = "<group>"; xcLanguageSpecificationIdentifier = xcode.lang.swift; };
		2C2CA3E627495B0E002D0700 /* Day_40.playground */ = {isa = PBXFileReference; lastKnownFileType = file.playground; path = Day_40.playground; sourceTree = "<group>"; xcLanguageSpecificationIdentifier = xcode.lang.swift; };
		2C2CA3E727495BDE002D0700 /* Day_41.playground */ = {isa = PBXFileReference; lastKnownFileType = file.playground; path = Day_41.playground; sourceTree = "<group>"; xcLanguageSpecificationIdentifier = xcode.lang.swift; };
		2C2CA3E827495D03002D0700 /* Day_42.playground */ = {isa = PBXFileReference; lastKnownFileType = file.playground; path = Day_42.playground; sourceTree = "<group>"; xcLanguageSpecificationIdentifier = xcode.lang.swift; };
		2C2E773827468BEA0048DC10 /* Day_27.playground */ = {isa = PBXFileReference; lastKnownFileType = file.playground; path = Day_27.playground; sourceTree = "<group>"; xcLanguageSpecificationIdentifier = xcode.lang.swift; };
		2C2E773927468D720048DC10 /* Day_28.playground */ = {isa = PBXFileReference; lastKnownFileType = file.playground; path = Day_28.playground; sourceTree = "<group>"; xcLanguageSpecificationIdentifier = xcode.lang.swift; };
		2C2E773A2746933C0048DC10 /* Day_29.playground */ = {isa = PBXFileReference; lastKnownFileType = file.playground; path = Day_29.playground; sourceTree = "<group>"; xcLanguageSpecificationIdentifier = xcode.lang.swift; };
		2C2E773B274694F50048DC10 /* Day_30.playground */ = {isa = PBXFileReference; lastKnownFileType = file.playground; path = Day_30.playground; sourceTree = "<group>"; xcLanguageSpecificationIdentifier = xcode.lang.swift; };
		2C2E773D274699430048DC10 /* Day_31.playground */ = {isa = PBXFileReference; lastKnownFileType = file.playground; path = Day_31.playground; sourceTree = "<group>"; xcLanguageSpecificationIdentifier = xcode.lang.swift; };
		2C4FB207274151C70001CFD1 /* Day_13.playground */ = {isa = PBXFileReference; lastKnownFileType = file.playground; path = Day_13.playground; sourceTree = "<group>"; xcLanguageSpecificationIdentifier = xcode.lang.swift; };
		2C4FB208274183820001CFD1 /* Day_14.playground */ = {isa = PBXFileReference; lastKnownFileType = file.playground; path = Day_14.playground; sourceTree = "<group>"; xcLanguageSpecificationIdentifier = xcode.lang.swift; };
		2C4FB209274186B80001CFD1 /* Day_15.playground */ = {isa = PBXFileReference; lastKnownFileType = file.playground; path = Day_15.playground; sourceTree = "<group>"; xcLanguageSpecificationIdentifier = xcode.lang.swift; };
		2C4FB20A274187970001CFD1 /* Day_16.playground */ = {isa = PBXFileReference; lastKnownFileType = file.playground; path = Day_16.playground; sourceTree = "<group>"; xcLanguageSpecificationIdentifier = xcode.lang.swift; };
		2C5883ED2742DC78009BAACA /* Day_17.playground */ = {isa = PBXFileReference; lastKnownFileType = file.playground; path = Day_17.playground; sourceTree = "<group>"; xcLanguageSpecificationIdentifier = xcode.lang.swift; };
		2C5883EE2742DD87009BAACA /* Day_18.playground */ = {isa = PBXFileReference; lastKnownFileType = file.playground; path = Day_18.playground; sourceTree = "<group>"; xcLanguageSpecificationIdentifier = xcode.lang.swift; };
		2C5883EF2742DE55009BAACA /* Day_19.playground */ = {isa = PBXFileReference; lastKnownFileType = file.playground; path = Day_19.playground; sourceTree = "<group>"; xcLanguageSpecificationIdentifier = xcode.lang.swift; };
		2C5883F02742DFDE009BAACA /* Day_20.playground */ = {isa = PBXFileReference; lastKnownFileType = file.playground; path = Day_20.playground; sourceTree = "<group>"; xcLanguageSpecificationIdentifier = xcode.lang.swift; };
		2C5883F12742E059009BAACA /* Day_21.playground */ = {isa = PBXFileReference; lastKnownFileType = file.playground; path = Day_21.playground; sourceTree = "<group>"; xcLanguageSpecificationIdentifier = xcode.lang.swift; };
		2C5883F62742FB18009BAACA /* ViewController.swift */ = {isa = PBXFileReference; lastKnownFileType = sourcecode.swift; path = ViewController.swift; sourceTree = "<group>"; };
		2C7B938127395F020027C7C9 /* Siwft Study.app */ = {isa = PBXFileReference; explicitFileType = wrapper.application; includeInIndex = 0; path = "Siwft Study.app"; sourceTree = BUILT_PRODUCTS_DIR; };
		2C7B938427395F020027C7C9 /* AppDelegate.swift */ = {isa = PBXFileReference; lastKnownFileType = sourcecode.swift; path = AppDelegate.swift; sourceTree = "<group>"; };
		2C7B938627395F020027C7C9 /* SceneDelegate.swift */ = {isa = PBXFileReference; lastKnownFileType = sourcecode.swift; path = SceneDelegate.swift; sourceTree = "<group>"; };
		2C7B938B27395F020027C7C9 /* Base */ = {isa = PBXFileReference; lastKnownFileType = file.storyboard; name = Base; path = Base.lproj/Main.storyboard; sourceTree = "<group>"; };
		2C7B938D27395F030027C7C9 /* Assets.xcassets */ = {isa = PBXFileReference; lastKnownFileType = folder.assetcatalog; path = Assets.xcassets; sourceTree = "<group>"; };
		2C7B939027395F030027C7C9 /* Base */ = {isa = PBXFileReference; lastKnownFileType = file.storyboard; name = Base; path = Base.lproj/LaunchScreen.storyboard; sourceTree = "<group>"; };
		2C7B939227395F030027C7C9 /* Info.plist */ = {isa = PBXFileReference; lastKnownFileType = text.plist.xml; path = Info.plist; sourceTree = "<group>"; };
		2C7B9399273ADF070027C7C9 /* Day_01.playground */ = {isa = PBXFileReference; lastKnownFileType = file.playground; path = Day_01.playground; sourceTree = "<group>"; xcLanguageSpecificationIdentifier = xcode.lang.swift; };
		2C7B939B273ADFEC0027C7C9 /* Day_02.playground */ = {isa = PBXFileReference; lastKnownFileType = file.playground; path = Day_02.playground; sourceTree = "<group>"; xcLanguageSpecificationIdentifier = xcode.lang.swift; };
		2C7B939C273AE1180027C7C9 /* Day_03.playground */ = {isa = PBXFileReference; lastKnownFileType = file.playground; path = Day_03.playground; sourceTree = "<group>"; xcLanguageSpecificationIdentifier = xcode.lang.swift; };
		2C7B939D273AE3230027C7C9 /* Day_04.playground */ = {isa = PBXFileReference; lastKnownFileType = file.playground; path = Day_04.playground; sourceTree = "<group>"; xcLanguageSpecificationIdentifier = xcode.lang.swift; };
		2C7B939E273AE6B50027C7C9 /* Day_05.playground */ = {isa = PBXFileReference; lastKnownFileType = file.playground; path = Day_05.playground; sourceTree = "<group>"; xcLanguageSpecificationIdentifier = xcode.lang.swift; };
		2C7B93A0273AEB540027C7C9 /* Day_07.playground */ = {isa = PBXFileReference; lastKnownFileType = file.playground; path = Day_07.playground; sourceTree = "<group>"; xcLanguageSpecificationIdentifier = xcode.lang.swift; };
		2C7B93A1273AEBAB0027C7C9 /* Day_08.playground */ = {isa = PBXFileReference; lastKnownFileType = file.playground; path = Day_08.playground; sourceTree = "<group>"; xcLanguageSpecificationIdentifier = xcode.lang.swift; };
		2C7B93A2273AECF10027C7C9 /* Day_09.playground */ = {isa = PBXFileReference; lastKnownFileType = file.playground; path = Day_09.playground; sourceTree = "<group>"; xcLanguageSpecificationIdentifier = xcode.lang.swift; };
		2C8A0183273C577400DFDE0E /* Day_10.playground */ = {isa = PBXFileReference; lastKnownFileType = file.playground; path = Day_10.playground; sourceTree = "<group>"; xcLanguageSpecificationIdentifier = xcode.lang.swift; };
		2C8A0184273D88A100DFDE0E /* Day_11.playground */ = {isa = PBXFileReference; lastKnownFileType = file.playground; path = Day_11.playground; sourceTree = "<group>"; xcLanguageSpecificationIdentifier = xcode.lang.swift; };
		2C8A0185273EDB8900DFDE0E /* Day_12.playground */ = {isa = PBXFileReference; lastKnownFileType = file.playground; path = Day_12.playground; sourceTree = "<group>"; xcLanguageSpecificationIdentifier = xcode.lang.swift; };
		2CB30818274D4F6F00F04359 /* Day_48.playground */ = {isa = PBXFileReference; lastKnownFileType = file.playground; path = Day_48.playground; sourceTree = "<group>"; xcLanguageSpecificationIdentifier = xcode.lang.swift; };
		2CB30819274D504500F04359 /* Day_49.playground */ = {isa = PBXFileReference; lastKnownFileType = file.playground; path = Day_49.playground; sourceTree = "<group>"; xcLanguageSpecificationIdentifier = xcode.lang.swift; };
		2CB3081A274D512100F04359 /* Day_50.playground */ = {isa = PBXFileReference; lastKnownFileType = file.playground; path = Day_50.playground; sourceTree = "<group>"; xcLanguageSpecificationIdentifier = xcode.lang.swift; };
		2CB3081B274D537900F04359 /* Day_51.playground */ = {isa = PBXFileReference; lastKnownFileType = file.playground; path = Day_51.playground; sourceTree = "<group>"; xcLanguageSpecificationIdentifier = xcode.lang.swift; };
		2CB3081C274D546800F04359 /* Day_52.playground */ = {isa = PBXFileReference; lastKnownFileType = file.playground; path = Day_52.playground; sourceTree = "<group>"; xcLanguageSpecificationIdentifier = xcode.lang.swift; };
		2CE954B427441EF4001B6DC8 /* Day_06.playground */ = {isa = PBXFileReference; lastKnownFileType = file.playground; path = Day_06.playground; sourceTree = "<group>"; xcLanguageSpecificationIdentifier = xcode.lang.swift; };
		2CE954B72744210F001B6DC8 /* Day_22.playground */ = {isa = PBXFileReference; lastKnownFileType = file.playground; path = Day_22.playground; sourceTree = "<group>"; xcLanguageSpecificationIdentifier = xcode.lang.swift; };
		2CE954B827442250001B6DC8 /* Day_23.playground */ = {isa = PBXFileReference; lastKnownFileType = file.playground; path = Day_23.playground; sourceTree = "<group>"; xcLanguageSpecificationIdentifier = xcode.lang.swift; };
		2CE954B927442349001B6DC8 /* Day_24.playground */ = {isa = PBXFileReference; lastKnownFileType = file.playground; path = Day_24.playground; sourceTree = "<group>"; xcLanguageSpecificationIdentifier = xcode.lang.swift; };
		2CE954BA274425F4001B6DC8 /* Day_25.playground */ = {isa = PBXFileReference; lastKnownFileType = file.playground; path = Day_25.playground; sourceTree = "<group>"; xcLanguageSpecificationIdentifier = xcode.lang.swift; };
		2CE954BB27442757001B6DC8 /* Day_26.playground */ = {isa = PBXFileReference; lastKnownFileType = file.playground; path = Day_26.playground; sourceTree = "<group>"; xcLanguageSpecificationIdentifier = xcode.lang.swift; };
		2CF2A895274BDAD600C39F25 /* Day_43.playground */ = {isa = PBXFileReference; lastKnownFileType = file.playground; path = Day_43.playground; sourceTree = "<group>"; xcLanguageSpecificationIdentifier = xcode.lang.swift; };
		2CF2A896274BF17200C39F25 /* Day_44.playground */ = {isa = PBXFileReference; lastKnownFileType = file.playground; path = Day_44.playground; sourceTree = "<group>"; xcLanguageSpecificationIdentifier = xcode.lang.swift; };
		2CF2A897274BF32B00C39F25 /* Day_45.playground */ = {isa = PBXFileReference; lastKnownFileType = file.playground; path = Day_45.playground; sourceTree = "<group>"; xcLanguageSpecificationIdentifier = xcode.lang.swift; };
		2CF2A898274BF57100C39F25 /* Day_46.playground */ = {isa = PBXFileReference; lastKnownFileType = file.playground; path = Day_46.playground; sourceTree = "<group>"; xcLanguageSpecificationIdentifier = xcode.lang.swift; };
		2CF2A899274BF74300C39F25 /* Day_47.playground */ = {isa = PBXFileReference; lastKnownFileType = file.playground; path = Day_47.playground; sourceTree = "<group>"; xcLanguageSpecificationIdentifier = xcode.lang.swift; };
/* End PBXFileReference section */

/* Begin PBXFrameworksBuildPhase section */
		2C7B937E27395F020027C7C9 /* Frameworks */ = {
			isa = PBXFrameworksBuildPhase;
			buildActionMask = 2147483647;
			files = (
			);
			runOnlyForDeploymentPostprocessing = 0;
		};
/* End PBXFrameworksBuildPhase section */

/* Begin PBXGroup section */
		2C7B937827395F020027C7C9 = {
			isa = PBXGroup;
			children = (
				2C7B938327395F020027C7C9 /* Siwft Study */,
				2C7B938227395F020027C7C9 /* Products */,
			);
			sourceTree = "<group>";
		};
		2C7B938227395F020027C7C9 /* Products */ = {
			isa = PBXGroup;
			children = (
				2C7B938127395F020027C7C9 /* Siwft Study.app */,
			);
			name = Products;
			sourceTree = "<group>";
		};
		2C7B938327395F020027C7C9 /* Siwft Study */ = {
			isa = PBXGroup;
			children = (
				2C7B938427395F020027C7C9 /* AppDelegate.swift */,
				2C7B938627395F020027C7C9 /* SceneDelegate.swift */,
				2C5883F62742FB18009BAACA /* ViewController.swift */,
				2C7B9399273ADF070027C7C9 /* Day_01.playground */,
				2C7B939B273ADFEC0027C7C9 /* Day_02.playground */,
				2C7B939C273AE1180027C7C9 /* Day_03.playground */,
				2C7B939D273AE3230027C7C9 /* Day_04.playground */,
				2C7B939E273AE6B50027C7C9 /* Day_05.playground */,
				2CE954B427441EF4001B6DC8 /* Day_06.playground */,
				2C7B93A0273AEB540027C7C9 /* Day_07.playground */,
				2C7B93A1273AEBAB0027C7C9 /* Day_08.playground */,
				2C7B93A2273AECF10027C7C9 /* Day_09.playground */,
				2C8A0183273C577400DFDE0E /* Day_10.playground */,
				2C8A0184273D88A100DFDE0E /* Day_11.playground */,
				2C8A0185273EDB8900DFDE0E /* Day_12.playground */,
				2C4FB207274151C70001CFD1 /* Day_13.playground */,
				2C4FB208274183820001CFD1 /* Day_14.playground */,
				2C4FB209274186B80001CFD1 /* Day_15.playground */,
				2C4FB20A274187970001CFD1 /* Day_16.playground */,
				2C5883ED2742DC78009BAACA /* Day_17.playground */,
				2C5883EE2742DD87009BAACA /* Day_18.playground */,
				2C5883EF2742DE55009BAACA /* Day_19.playground */,
				2C5883F02742DFDE009BAACA /* Day_20.playground */,
				2C5883F12742E059009BAACA /* Day_21.playground */,
				2CE954B72744210F001B6DC8 /* Day_22.playground */,
				2CE954B827442250001B6DC8 /* Day_23.playground */,
				2CE954B927442349001B6DC8 /* Day_24.playground */,
				2CE954BA274425F4001B6DC8 /* Day_25.playground */,
				2CE954BB27442757001B6DC8 /* Day_26.playground */,
				2C2E773827468BEA0048DC10 /* Day_27.playground */,
				2C2E773927468D720048DC10 /* Day_28.playground */,
				2C2E773A2746933C0048DC10 /* Day_29.playground */,
				2C2E773B274694F50048DC10 /* Day_30.playground */,
				2C2E773D274699430048DC10 /* Day_31.playground */,
				2C131BEC2747E32200F71FCD /* Day_32.playground */,
				2C131BED2747E48A00F71FCD /* Day_33.playground */,
				2C131BEE2747E52200F71FCD /* Day_34.playground */,
				2C131BEF2747E5C200F71FCD /* Day_35.playground */,
				2C131BF02747E7A100F71FCD /* Day_36.playground */,
				2C2CA3E3274957B4002D0700 /* Day_37.playground */,
				2C2CA3E42749585C002D0700 /* Day_38.playground */,
				2C2CA3E527495A43002D0700 /* Day_39.playground */,
				2C2CA3E627495B0E002D0700 /* Day_40.playground */,
				2C2CA3E727495BDE002D0700 /* Day_41.playground */,
				2C2CA3E827495D03002D0700 /* Day_42.playground */,
				2CF2A895274BDAD600C39F25 /* Day_43.playground */,
				2CF2A896274BF17200C39F25 /* Day_44.playground */,
				2CF2A897274BF32B00C39F25 /* Day_45.playground */,
				2CF2A898274BF57100C39F25 /* Day_46.playground */,
				2CF2A899274BF74300C39F25 /* Day_47.playground */,
				2CB30818274D4F6F00F04359 /* Day_48.playground */,
				2CB30819274D504500F04359 /* Day_49.playground */,
				2CB3081A274D512100F04359 /* Day_50.playground */,
				2CB3081B274D537900F04359 /* Day_51.playground */,
				2CB3081C274D546800F04359 /* Day_52.playground */,
				2C18C4A5274EBEB300750B1D /* Day_53.playground */,
				2C18C4A6274EBF0000750B1D /* Day_54.playground */,
				2C18C4A7274EC03A00750B1D /* Day_55.playground */,
				2C18C4A8274EC16F00750B1D /* Day_56.playground */,
				2C18C4A9274EC2A600750B1D /* Day_57.playground */,
				2C15A9C72750767E00D2C66C /* Day_58.playground */,
				2C15A9C82750786C00D2C66C /* Day_59.playground */,
				2C15A9C927507A8B00D2C66C /* Day_60.playground */,
				2C15A9CA27507C0000D2C66C /* Day_61.playground */,
				2C15A9CB27507CA900D2C66C /* Day_62.playground */,
				2C23C4472751E9EF0082136B /* Day_63.playground */,
				2C23C4462751E8430082136B /* Day_64.playground */,
				2C23C448275263250082136B /* Day_65.playground */,
				2C23C449275265370082136B /* Day_66.playground */,
				2C23C44A2752681D0082136B /* Day_67.playground */,
				2C23C44B275289550082136B /* Day_68.playground */,
				2C23C44C275289F70082136B /* Day_69.playground */,
				2C7B938A27395F020027C7C9 /* Main.storyboard */,
				2C23C44D27528A450082136B /* Day_70.playground */,
				2C7B938F27395F030027C7C9 /* LaunchScreen.storyboard */,
				2C7B939227395F030027C7C9 /* Info.plist */,
				2C7B938D27395F030027C7C9 /* Assets.xcassets */,
			);
			path = "Siwft Study";
			sourceTree = "<group>";
		};
/* End PBXGroup section */

/* Begin PBXNativeTarget section */
		2C7B938027395F020027C7C9 /* Siwft Study */ = {
			isa = PBXNativeTarget;
			buildConfigurationList = 2C7B939527395F030027C7C9 /* Build configuration list for PBXNativeTarget "Siwft Study" */;
			buildPhases = (
				2C7B937D27395F020027C7C9 /* Sources */,
				2C7B937E27395F020027C7C9 /* Frameworks */,
				2C7B937F27395F020027C7C9 /* Resources */,
			);
			buildRules = (
			);
			dependencies = (
			);
			name = "Siwft Study";
			productName = "Siwft Study";
			productReference = 2C7B938127395F020027C7C9 /* Siwft Study.app */;
			productType = "com.apple.product-type.application";
		};
/* End PBXNativeTarget section */

/* Begin PBXProject section */
		2C7B937927395F020027C7C9 /* Project object */ = {
			isa = PBXProject;
			attributes = {
				BuildIndependentTargetsInParallel = 1;
				LastSwiftUpdateCheck = 1310;
				LastUpgradeCheck = 1310;
				TargetAttributes = {
					2C7B938027395F020027C7C9 = {
						CreatedOnToolsVersion = 13.1;
					};
				};
			};
			buildConfigurationList = 2C7B937C27395F020027C7C9 /* Build configuration list for PBXProject "Siwft Study" */;
			compatibilityVersion = "Xcode 13.0";
			developmentRegion = en;
			hasScannedForEncodings = 0;
			knownRegions = (
				en,
				Base,
			);
			mainGroup = 2C7B937827395F020027C7C9;
			productRefGroup = 2C7B938227395F020027C7C9 /* Products */;
			projectDirPath = "";
			projectRoot = "";
			targets = (
				2C7B938027395F020027C7C9 /* Siwft Study */,
			);
		};
/* End PBXProject section */

/* Begin PBXResourcesBuildPhase section */
		2C7B937F27395F020027C7C9 /* Resources */ = {
			isa = PBXResourcesBuildPhase;
			buildActionMask = 2147483647;
			files = (
				2C7B939127395F030027C7C9 /* LaunchScreen.storyboard in Resources */,
				2C7B938E27395F030027C7C9 /* Assets.xcassets in Resources */,
				2C7B938C27395F020027C7C9 /* Main.storyboard in Resources */,
			);
			runOnlyForDeploymentPostprocessing = 0;
		};
/* End PBXResourcesBuildPhase section */

/* Begin PBXSourcesBuildPhase section */
		2C7B937D27395F020027C7C9 /* Sources */ = {
			isa = PBXSourcesBuildPhase;
			buildActionMask = 2147483647;
			files = (
				2C5883F72742FB18009BAACA /* ViewController.swift in Sources */,
				2C7B938527395F020027C7C9 /* AppDelegate.swift in Sources */,
				2C7B938727395F020027C7C9 /* SceneDelegate.swift in Sources */,
			);
			runOnlyForDeploymentPostprocessing = 0;
		};
/* End PBXSourcesBuildPhase section */

/* Begin PBXVariantGroup section */
		2C7B938A27395F020027C7C9 /* Main.storyboard */ = {
			isa = PBXVariantGroup;
			children = (
				2C7B938B27395F020027C7C9 /* Base */,
			);
			name = Main.storyboard;
			sourceTree = "<group>";
		};
		2C7B938F27395F030027C7C9 /* LaunchScreen.storyboard */ = {
			isa = PBXVariantGroup;
			children = (
				2C7B939027395F030027C7C9 /* Base */,
			);
			name = LaunchScreen.storyboard;
			sourceTree = "<group>";
		};
/* End PBXVariantGroup section */

/* Begin XCBuildConfiguration section */
		2C7B939327395F030027C7C9 /* Debug */ = {
			isa = XCBuildConfiguration;
			buildSettings = {
				ALWAYS_SEARCH_USER_PATHS = NO;
				CLANG_ANALYZER_NONNULL = YES;
				CLANG_ANALYZER_NUMBER_OBJECT_CONVERSION = YES_AGGRESSIVE;
				CLANG_CXX_LANGUAGE_STANDARD = "gnu++17";
				CLANG_CXX_LIBRARY = "libc++";
				CLANG_ENABLE_MODULES = YES;
				CLANG_ENABLE_OBJC_ARC = YES;
				CLANG_ENABLE_OBJC_WEAK = YES;
				CLANG_WARN_BLOCK_CAPTURE_AUTORELEASING = YES;
				CLANG_WARN_BOOL_CONVERSION = YES;
				CLANG_WARN_COMMA = YES;
				CLANG_WARN_CONSTANT_CONVERSION = YES;
				CLANG_WARN_DEPRECATED_OBJC_IMPLEMENTATIONS = YES;
				CLANG_WARN_DIRECT_OBJC_ISA_USAGE = YES_ERROR;
				CLANG_WARN_DOCUMENTATION_COMMENTS = YES;
				CLANG_WARN_EMPTY_BODY = YES;
				CLANG_WARN_ENUM_CONVERSION = YES;
				CLANG_WARN_INFINITE_RECURSION = YES;
				CLANG_WARN_INT_CONVERSION = YES;
				CLANG_WARN_NON_LITERAL_NULL_CONVERSION = YES;
				CLANG_WARN_OBJC_IMPLICIT_RETAIN_SELF = YES;
				CLANG_WARN_OBJC_LITERAL_CONVERSION = YES;
				CLANG_WARN_OBJC_ROOT_CLASS = YES_ERROR;
				CLANG_WARN_QUOTED_INCLUDE_IN_FRAMEWORK_HEADER = YES;
				CLANG_WARN_RANGE_LOOP_ANALYSIS = YES;
				CLANG_WARN_STRICT_PROTOTYPES = YES;
				CLANG_WARN_SUSPICIOUS_MOVE = YES;
				CLANG_WARN_UNGUARDED_AVAILABILITY = YES_AGGRESSIVE;
				CLANG_WARN_UNREACHABLE_CODE = YES;
				CLANG_WARN__DUPLICATE_METHOD_MATCH = YES;
				COPY_PHASE_STRIP = NO;
				DEBUG_INFORMATION_FORMAT = dwarf;
				ENABLE_STRICT_OBJC_MSGSEND = YES;
				ENABLE_TESTABILITY = YES;
				GCC_C_LANGUAGE_STANDARD = gnu11;
				GCC_DYNAMIC_NO_PIC = NO;
				GCC_NO_COMMON_BLOCKS = YES;
				GCC_OPTIMIZATION_LEVEL = 0;
				GCC_PREPROCESSOR_DEFINITIONS = (
					"DEBUG=1",
					"$(inherited)",
				);
				GCC_WARN_64_TO_32_BIT_CONVERSION = YES;
				GCC_WARN_ABOUT_RETURN_TYPE = YES_ERROR;
				GCC_WARN_UNDECLARED_SELECTOR = YES;
				GCC_WARN_UNINITIALIZED_AUTOS = YES_AGGRESSIVE;
				GCC_WARN_UNUSED_FUNCTION = YES;
				GCC_WARN_UNUSED_VARIABLE = YES;
				IPHONEOS_DEPLOYMENT_TARGET = 15.0;
				MTL_ENABLE_DEBUG_INFO = INCLUDE_SOURCE;
				MTL_FAST_MATH = YES;
				ONLY_ACTIVE_ARCH = YES;
				SDKROOT = iphoneos;
				SWIFT_ACTIVE_COMPILATION_CONDITIONS = DEBUG;
				SWIFT_OPTIMIZATION_LEVEL = "-Onone";
			};
			name = Debug;
		};
		2C7B939427395F030027C7C9 /* Release */ = {
			isa = XCBuildConfiguration;
			buildSettings = {
				ALWAYS_SEARCH_USER_PATHS = NO;
				CLANG_ANALYZER_NONNULL = YES;
				CLANG_ANALYZER_NUMBER_OBJECT_CONVERSION = YES_AGGRESSIVE;
				CLANG_CXX_LANGUAGE_STANDARD = "gnu++17";
				CLANG_CXX_LIBRARY = "libc++";
				CLANG_ENABLE_MODULES = YES;
				CLANG_ENABLE_OBJC_ARC = YES;
				CLANG_ENABLE_OBJC_WEAK = YES;
				CLANG_WARN_BLOCK_CAPTURE_AUTORELEASING = YES;
				CLANG_WARN_BOOL_CONVERSION = YES;
				CLANG_WARN_COMMA = YES;
				CLANG_WARN_CONSTANT_CONVERSION = YES;
				CLANG_WARN_DEPRECATED_OBJC_IMPLEMENTATIONS = YES;
				CLANG_WARN_DIRECT_OBJC_ISA_USAGE = YES_ERROR;
				CLANG_WARN_DOCUMENTATION_COMMENTS = YES;
				CLANG_WARN_EMPTY_BODY = YES;
				CLANG_WARN_ENUM_CONVERSION = YES;
				CLANG_WARN_INFINITE_RECURSION = YES;
				CLANG_WARN_INT_CONVERSION = YES;
				CLANG_WARN_NON_LITERAL_NULL_CONVERSION = YES;
				CLANG_WARN_OBJC_IMPLICIT_RETAIN_SELF = YES;
				CLANG_WARN_OBJC_LITERAL_CONVERSION = YES;
				CLANG_WARN_OBJC_ROOT_CLASS = YES_ERROR;
				CLANG_WARN_QUOTED_INCLUDE_IN_FRAMEWORK_HEADER = YES;
				CLANG_WARN_RANGE_LOOP_ANALYSIS = YES;
				CLANG_WARN_STRICT_PROTOTYPES = YES;
				CLANG_WARN_SUSPICIOUS_MOVE = YES;
				CLANG_WARN_UNGUARDED_AVAILABILITY = YES_AGGRESSIVE;
				CLANG_WARN_UNREACHABLE_CODE = YES;
				CLANG_WARN__DUPLICATE_METHOD_MATCH = YES;
				COPY_PHASE_STRIP = NO;
				DEBUG_INFORMATION_FORMAT = "dwarf-with-dsym";
				ENABLE_NS_ASSERTIONS = NO;
				ENABLE_STRICT_OBJC_MSGSEND = YES;
				GCC_C_LANGUAGE_STANDARD = gnu11;
				GCC_NO_COMMON_BLOCKS = YES;
				GCC_WARN_64_TO_32_BIT_CONVERSION = YES;
				GCC_WARN_ABOUT_RETURN_TYPE = YES_ERROR;
				GCC_WARN_UNDECLARED_SELECTOR = YES;
				GCC_WARN_UNINITIALIZED_AUTOS = YES_AGGRESSIVE;
				GCC_WARN_UNUSED_FUNCTION = YES;
				GCC_WARN_UNUSED_VARIABLE = YES;
				IPHONEOS_DEPLOYMENT_TARGET = 15.0;
				MTL_ENABLE_DEBUG_INFO = NO;
				MTL_FAST_MATH = YES;
				SDKROOT = iphoneos;
				SWIFT_COMPILATION_MODE = wholemodule;
				SWIFT_OPTIMIZATION_LEVEL = "-O";
				VALIDATE_PRODUCT = YES;
			};
			name = Release;
		};
		2C7B939627395F030027C7C9 /* Debug */ = {
			isa = XCBuildConfiguration;
			buildSettings = {
				ASSETCATALOG_COMPILER_APPICON_NAME = AppIcon;
				ASSETCATALOG_COMPILER_GLOBAL_ACCENT_COLOR_NAME = AccentColor;
				CODE_SIGN_STYLE = Automatic;
				CURRENT_PROJECT_VERSION = 1;
				DEVELOPMENT_TEAM = VKGAQDGK5R;
				GENERATE_INFOPLIST_FILE = YES;
				INFOPLIST_FILE = "Siwft Study/Info.plist";
				INFOPLIST_KEY_UIApplicationSupportsIndirectInputEvents = YES;
				INFOPLIST_KEY_UILaunchStoryboardName = LaunchScreen;
				INFOPLIST_KEY_UIMainStoryboardFile = Main;
				INFOPLIST_KEY_UISupportedInterfaceOrientations_iPad = "UIInterfaceOrientationPortrait UIInterfaceOrientationPortraitUpsideDown UIInterfaceOrientationLandscapeLeft UIInterfaceOrientationLandscapeRight";
				INFOPLIST_KEY_UISupportedInterfaceOrientations_iPhone = "UIInterfaceOrientationPortrait UIInterfaceOrientationLandscapeLeft UIInterfaceOrientationLandscapeRight";
				LD_RUNPATH_SEARCH_PATHS = (
					"$(inherited)",
					"@executable_path/Frameworks",
				);
				MARKETING_VERSION = 1.0;
				PRODUCT_BUNDLE_IDENTIFIER = "com.boni.Siwft-Study";
				PRODUCT_NAME = "$(TARGET_NAME)";
				SWIFT_EMIT_LOC_STRINGS = YES;
				SWIFT_VERSION = 5.0;
				TARGETED_DEVICE_FAMILY = "1,2";
			};
			name = Debug;
		};
		2C7B939727395F030027C7C9 /* Release */ = {
			isa = XCBuildConfiguration;
			buildSettings = {
				ASSETCATALOG_COMPILER_APPICON_NAME = AppIcon;
				ASSETCATALOG_COMPILER_GLOBAL_ACCENT_COLOR_NAME = AccentColor;
				CODE_SIGN_STYLE = Automatic;
				CURRENT_PROJECT_VERSION = 1;
				DEVELOPMENT_TEAM = VKGAQDGK5R;
				GENERATE_INFOPLIST_FILE = YES;
				INFOPLIST_FILE = "Siwft Study/Info.plist";
				INFOPLIST_KEY_UIApplicationSupportsIndirectInputEvents = YES;
				INFOPLIST_KEY_UILaunchStoryboardName = LaunchScreen;
				INFOPLIST_KEY_UIMainStoryboardFile = Main;
				INFOPLIST_KEY_UISupportedInterfaceOrientations_iPad = "UIInterfaceOrientationPortrait UIInterfaceOrientationPortraitUpsideDown UIInterfaceOrientationLandscapeLeft UIInterfaceOrientationLandscapeRight";
				INFOPLIST_KEY_UISupportedInterfaceOrientations_iPhone = "UIInterfaceOrientationPortrait UIInterfaceOrientationLandscapeLeft UIInterfaceOrientationLandscapeRight";
				LD_RUNPATH_SEARCH_PATHS = (
					"$(inherited)",
					"@executable_path/Frameworks",
				);
				MARKETING_VERSION = 1.0;
				PRODUCT_BUNDLE_IDENTIFIER = "com.boni.Siwft-Study";
				PRODUCT_NAME = "$(TARGET_NAME)";
				SWIFT_EMIT_LOC_STRINGS = YES;
				SWIFT_VERSION = 5.0;
				TARGETED_DEVICE_FAMILY = "1,2";
			};
			name = Release;
		};
/* End XCBuildConfiguration section */

/* Begin XCConfigurationList section */
		2C7B937C27395F020027C7C9 /* Build configuration list for PBXProject "Siwft Study" */ = {
			isa = XCConfigurationList;
			buildConfigurations = (
				2C7B939327395F030027C7C9 /* Debug */,
				2C7B939427395F030027C7C9 /* Release */,
			);
			defaultConfigurationIsVisible = 0;
			defaultConfigurationName = Release;
		};
		2C7B939527395F030027C7C9 /* Build configuration list for PBXNativeTarget "Siwft Study" */ = {
			isa = XCConfigurationList;
			buildConfigurations = (
				2C7B939627395F030027C7C9 /* Debug */,
				2C7B939727395F030027C7C9 /* Release */,
			);
			defaultConfigurationIsVisible = 0;
			defaultConfigurationName = Release;
		};
/* End XCConfigurationList section */
	};
	rootObject = 2C7B937927395F020027C7C9 /* Project object */;
}
